// !$*UTF8*$!
{
	archiveVersion = 1;
	classes = {
	};
	objectVersion = 46;
	objects = {

/* Begin PBXBuildFile section */
		101050EC96C9970583524CD3 /* Pods_MemoryInMap.framework in Frameworks */ = {isa = PBXBuildFile; fileRef = 6FDDE6D72843CB51AB1FCB5E /* Pods_MemoryInMap.framework */; settings = {ATTRIBUTES = (Weak, ); }; };
		4433DE471CDB93B5005B6A3D /* TodayViewExt.swift in Sources */ = {isa = PBXBuildFile; fileRef = 4433DE461CDB93B5005B6A3D /* TodayViewExt.swift */; };
		44460DF31CF9533B008BE7E1 /* ImageResizingMethods.swift in Sources */ = {isa = PBXBuildFile; fileRef = 44460DF21CF9533B008BE7E1 /* ImageResizingMethods.swift */; };
		44BEA3061CF746400099DE89 /* Ext_NavBar.swift in Sources */ = {isa = PBXBuildFile; fileRef = 44BEA3051CF746400099DE89 /* Ext_NavBar.swift */; };
		44BEA3081CF754550099DE89 /* NavigationBarColorSource.swift in Sources */ = {isa = PBXBuildFile; fileRef = 44BEA3071CF754550099DE89 /* NavigationBarColorSource.swift */; };
		44DBD9041CDF783800529904 /* FoldingCell.swift in Sources */ = {isa = PBXBuildFile; fileRef = 44DBD9031CDF783800529904 /* FoldingCell.swift */; };
		44DBD9071CDF805B00529904 /* MapCell.swift in Sources */ = {isa = PBXBuildFile; fileRef = 44DBD9061CDF805B00529904 /* MapCell.swift */; };
		44EF57F81CDA351700183B47 /* UserDefault.swift in Sources */ = {isa = PBXBuildFile; fileRef = 44EF57F71CDA351700183B47 /* UserDefault.swift */; };
		44F73BF01CF76731001839B1 /* TableMapVC.xib in Resources */ = {isa = PBXBuildFile; fileRef = 44F73BEF1CF76731001839B1 /* TableMapVC.xib */; };
		C25E76031CBF7EF6000ECACE /* AppDelegate.swift in Sources */ = {isa = PBXBuildFile; fileRef = C25E76021CBF7EF6000ECACE /* AppDelegate.swift */; };
		C25E76071CBF7EF6000ECACE /* DetailViewController.swift in Sources */ = {isa = PBXBuildFile; fileRef = C25E76061CBF7EF6000ECACE /* DetailViewController.swift */; };
		C25E760A1CBF7EF6000ECACE /* Main.storyboard in Resources */ = {isa = PBXBuildFile; fileRef = C25E76081CBF7EF6000ECACE /* Main.storyboard */; };
		C25E760C1CBF7EF6000ECACE /* Assets.xcassets in Resources */ = {isa = PBXBuildFile; fileRef = C25E760B1CBF7EF6000ECACE /* Assets.xcassets */; };
		C25E760F1CBF7EF6000ECACE /* LaunchScreen.storyboard in Resources */ = {isa = PBXBuildFile; fileRef = C25E760D1CBF7EF6000ECACE /* LaunchScreen.storyboard */; };
		C25E76331CBF7FF1000ECACE /* MapViewController.swift in Sources */ = {isa = PBXBuildFile; fileRef = C25E76321CBF7FF1000ECACE /* MapViewController.swift */; };
		C25E76351CBF8006000ECACE /* MapPointAnnotation.swift in Sources */ = {isa = PBXBuildFile; fileRef = C25E76341CBF8006000ECACE /* MapPointAnnotation.swift */; };
		C25E76371CBF800F000ECACE /* PhotosTableView.swift in Sources */ = {isa = PBXBuildFile; fileRef = C25E76361CBF800F000ECACE /* PhotosTableView.swift */; };
		C25E76391CBF8014000ECACE /* Photo.swift in Sources */ = {isa = PBXBuildFile; fileRef = C25E76381CBF8014000ECACE /* Photo.swift */; };
		C25E763B1CBF801D000ECACE /* TableMapViewController.swift in Sources */ = {isa = PBXBuildFile; fileRef = C25E763A1CBF801D000ECACE /* TableMapViewController.swift */; };
		C25E763D1CBF8026000ECACE /* PhotoDetailViewController.swift in Sources */ = {isa = PBXBuildFile; fileRef = C25E763C1CBF8026000ECACE /* PhotoDetailViewController.swift */; };
		C2CE89DB1CC0D21700CDEF77 /* NotificationCenter.framework in Frameworks */ = {isa = PBXBuildFile; fileRef = C2CE89DA1CC0D21700CDEF77 /* NotificationCenter.framework */; };
		C2CE89DE1CC0D21800CDEF77 /* TodayViewController.swift in Sources */ = {isa = PBXBuildFile; fileRef = C2CE89DD1CC0D21800CDEF77 /* TodayViewController.swift */; };
		C2CE89E11CC0D21800CDEF77 /* MainInterface.storyboard in Resources */ = {isa = PBXBuildFile; fileRef = C2CE89DF1CC0D21800CDEF77 /* MainInterface.storyboard */; };
		C2CE89E51CC0D21800CDEF77 /* FastRecord.appex in Embed App Extensions */ = {isa = PBXBuildFile; fileRef = C2CE89D91CC0D21700CDEF77 /* FastRecord.appex */; settings = {ATTRIBUTES = (RemoveHeadersOnCopy, ); }; };
/* End PBXBuildFile section */

/* Begin PBXContainerItemProxy section */
		C2CE89E31CC0D21800CDEF77 /* PBXContainerItemProxy */ = {
			isa = PBXContainerItemProxy;
			containerPortal = C25E75F71CBF7EF5000ECACE /* Project object */;
			proxyType = 1;
			remoteGlobalIDString = C2CE89D81CC0D21700CDEF77;
			remoteInfo = FastRecord;
		};
/* End PBXContainerItemProxy section */

/* Begin PBXCopyFilesBuildPhase section */
		C2CE89E91CC0D21800CDEF77 /* Embed App Extensions */ = {
			isa = PBXCopyFilesBuildPhase;
			buildActionMask = 2147483647;
			dstPath = "";
			dstSubfolderSpec = 13;
			files = (
				C2CE89E51CC0D21800CDEF77 /* FastRecord.appex in Embed App Extensions */,
			);
			name = "Embed App Extensions";
			runOnlyForDeploymentPostprocessing = 0;
		};
/* End PBXCopyFilesBuildPhase section */

/* Begin PBXFileReference section */
		4433DE461CDB93B5005B6A3D /* TodayViewExt.swift */ = {isa = PBXFileReference; fileEncoding = 4; lastKnownFileType = sourcecode.swift; path = TodayViewExt.swift; sourceTree = "<group>"; };
		44460DF21CF9533B008BE7E1 /* ImageResizingMethods.swift */ = {isa = PBXFileReference; fileEncoding = 4; lastKnownFileType = sourcecode.swift; path = ImageResizingMethods.swift; sourceTree = "<group>"; };
		44BEA3051CF746400099DE89 /* Ext_NavBar.swift */ = {isa = PBXFileReference; fileEncoding = 4; lastKnownFileType = sourcecode.swift; path = Ext_NavBar.swift; sourceTree = "<group>"; };
		44BEA3071CF754550099DE89 /* NavigationBarColorSource.swift */ = {isa = PBXFileReference; fileEncoding = 4; lastKnownFileType = sourcecode.swift; path = NavigationBarColorSource.swift; sourceTree = "<group>"; };
		44DBD9031CDF783800529904 /* FoldingCell.swift */ = {isa = PBXFileReference; fileEncoding = 4; lastKnownFileType = sourcecode.swift; path = FoldingCell.swift; sourceTree = "<group>"; };
		44DBD9061CDF805B00529904 /* MapCell.swift */ = {isa = PBXFileReference; fileEncoding = 4; lastKnownFileType = sourcecode.swift; path = MapCell.swift; sourceTree = "<group>"; };
		44EF57F71CDA351700183B47 /* UserDefault.swift */ = {isa = PBXFileReference; fileEncoding = 4; lastKnownFileType = sourcecode.swift; path = UserDefault.swift; sourceTree = "<group>"; };
		44F73BEF1CF76731001839B1 /* TableMapVC.xib */ = {isa = PBXFileReference; fileEncoding = 4; lastKnownFileType = file.xib; path = TableMapVC.xib; sourceTree = "<group>"; };
		615774368A2DE55C0131EA91 /* Pods-MemoryInMap.debug.xcconfig */ = {isa = PBXFileReference; includeInIndex = 1; lastKnownFileType = text.xcconfig; name = "Pods-MemoryInMap.debug.xcconfig"; path = "../Pods/Target Support Files/Pods-MemoryInMap/Pods-MemoryInMap.debug.xcconfig"; sourceTree = "<group>"; };
		6FDDE6D72843CB51AB1FCB5E /* Pods_MemoryInMap.framework */ = {isa = PBXFileReference; explicitFileType = wrapper.framework; includeInIndex = 0; path = Pods_MemoryInMap.framework; sourceTree = BUILT_PRODUCTS_DIR; };
		C25E75FF1CBF7EF5000ECACE /* MemoryInMap.app */ = {isa = PBXFileReference; explicitFileType = wrapper.application; includeInIndex = 0; path = MemoryInMap.app; sourceTree = BUILT_PRODUCTS_DIR; };
		C25E76021CBF7EF6000ECACE /* AppDelegate.swift */ = {isa = PBXFileReference; lastKnownFileType = sourcecode.swift; path = AppDelegate.swift; sourceTree = "<group>"; };
		C25E76061CBF7EF6000ECACE /* DetailViewController.swift */ = {isa = PBXFileReference; lastKnownFileType = sourcecode.swift; path = DetailViewController.swift; sourceTree = "<group>"; };
		C25E76091CBF7EF6000ECACE /* Base */ = {isa = PBXFileReference; lastKnownFileType = file.storyboard; name = Base; path = Base.lproj/Main.storyboard; sourceTree = "<group>"; };
		C25E760B1CBF7EF6000ECACE /* Assets.xcassets */ = {isa = PBXFileReference; lastKnownFileType = folder.assetcatalog; path = Assets.xcassets; sourceTree = "<group>"; };
		C25E760E1CBF7EF6000ECACE /* Base */ = {isa = PBXFileReference; lastKnownFileType = file.storyboard; name = Base; path = Base.lproj/LaunchScreen.storyboard; sourceTree = "<group>"; };
		C25E76101CBF7EF6000ECACE /* Info.plist */ = {isa = PBXFileReference; lastKnownFileType = text.plist.xml; path = Info.plist; sourceTree = "<group>"; };
		C25E76321CBF7FF1000ECACE /* MapViewController.swift */ = {isa = PBXFileReference; fileEncoding = 4; lastKnownFileType = sourcecode.swift; path = MapViewController.swift; sourceTree = "<group>"; };
		C25E76341CBF8006000ECACE /* MapPointAnnotation.swift */ = {isa = PBXFileReference; fileEncoding = 4; lastKnownFileType = sourcecode.swift; path = MapPointAnnotation.swift; sourceTree = "<group>"; };
		C25E76361CBF800F000ECACE /* PhotosTableView.swift */ = {isa = PBXFileReference; fileEncoding = 4; lastKnownFileType = sourcecode.swift; path = PhotosTableView.swift; sourceTree = "<group>"; };
		C25E76381CBF8014000ECACE /* Photo.swift */ = {isa = PBXFileReference; fileEncoding = 4; lastKnownFileType = sourcecode.swift; path = Photo.swift; sourceTree = "<group>"; };
		C25E763A1CBF801D000ECACE /* TableMapViewController.swift */ = {isa = PBXFileReference; fileEncoding = 4; lastKnownFileType = sourcecode.swift; path = TableMapViewController.swift; sourceTree = "<group>"; };
		C25E763C1CBF8026000ECACE /* PhotoDetailViewController.swift */ = {isa = PBXFileReference; fileEncoding = 4; lastKnownFileType = sourcecode.swift; path = PhotoDetailViewController.swift; sourceTree = "<group>"; };
		C2CE89D91CC0D21700CDEF77 /* FastRecord.appex */ = {isa = PBXFileReference; explicitFileType = "wrapper.app-extension"; includeInIndex = 0; path = FastRecord.appex; sourceTree = BUILT_PRODUCTS_DIR; };
		C2CE89DA1CC0D21700CDEF77 /* NotificationCenter.framework */ = {isa = PBXFileReference; lastKnownFileType = wrapper.framework; name = NotificationCenter.framework; path = System/Library/Frameworks/NotificationCenter.framework; sourceTree = SDKROOT; };
		C2CE89DD1CC0D21800CDEF77 /* TodayViewController.swift */ = {isa = PBXFileReference; lastKnownFileType = sourcecode.swift; path = TodayViewController.swift; sourceTree = "<group>"; };
		C2CE89E01CC0D21800CDEF77 /* Base */ = {isa = PBXFileReference; lastKnownFileType = file.storyboard; name = Base; path = Base.lproj/MainInterface.storyboard; sourceTree = "<group>"; };
		C2CE89E21CC0D21800CDEF77 /* Info.plist */ = {isa = PBXFileReference; lastKnownFileType = text.plist.xml; path = Info.plist; sourceTree = "<group>"; };
		CCFC90CD690A79E66801B979 /* Pods-MemoryInMap.release.xcconfig */ = {isa = PBXFileReference; includeInIndex = 1; lastKnownFileType = text.xcconfig; name = "Pods-MemoryInMap.release.xcconfig"; path = "../Pods/Target Support Files/Pods-MemoryInMap/Pods-MemoryInMap.release.xcconfig"; sourceTree = "<group>"; };
/* End PBXFileReference section */

/* Begin PBXFrameworksBuildPhase section */
		C25E75FC1CBF7EF5000ECACE /* Frameworks */ = {
			isa = PBXFrameworksBuildPhase;
			buildActionMask = 2147483647;
			files = (
				101050EC96C9970583524CD3 /* Pods_MemoryInMap.framework in Frameworks */,
			);
			runOnlyForDeploymentPostprocessing = 0;
		};
		C2CE89D61CC0D21700CDEF77 /* Frameworks */ = {
			isa = PBXFrameworksBuildPhase;
			buildActionMask = 2147483647;
			files = (
				C2CE89DB1CC0D21700CDEF77 /* NotificationCenter.framework in Frameworks */,
			);
			runOnlyForDeploymentPostprocessing = 0;
		};
/* End PBXFrameworksBuildPhase section */

/* Begin PBXGroup section */
		44460DF11CF95323008BE7E1 /* Utils */ = {
			isa = PBXGroup;
			children = (
				44460DF21CF9533B008BE7E1 /* ImageResizingMethods.swift */,
			);
			name = Utils;
			sourceTree = "<group>";
		};
		44DBD9051CDF7A8500529904 /* Widget */ = {
			isa = PBXGroup;
			children = (
				44DBD9031CDF783800529904 /* FoldingCell.swift */,
				44BEA3051CF746400099DE89 /* Ext_NavBar.swift */,
				44BEA3071CF754550099DE89 /* NavigationBarColorSource.swift */,
			);
			name = Widget;
			sourceTree = "<group>";
		};
		C25E75F61CBF7EF5000ECACE = {
			isa = PBXGroup;
			children = (
				C25E76011CBF7EF5000ECACE /* MemoryInMap */,
				C2CE89DC1CC0D21800CDEF77 /* FastRecord */,
				C25E76001CBF7EF5000ECACE /* Products */,
				D3C18017D23808F180F58B1F /* Frameworks */,
				CEF5BED71342EABF954A42EF /* Pods */,
			);
			sourceTree = "<group>";
		};
		C25E76001CBF7EF5000ECACE /* Products */ = {
			isa = PBXGroup;
			children = (
				C25E75FF1CBF7EF5000ECACE /* MemoryInMap.app */,
				C2CE89D91CC0D21700CDEF77 /* FastRecord.appex */,
			);
			name = Products;
			sourceTree = "<group>";
		};
		C25E76011CBF7EF5000ECACE /* MemoryInMap */ = {
			isa = PBXGroup;
			children = (
				C25E76021CBF7EF6000ECACE /* AppDelegate.swift */,
				C25E76321CBF7FF1000ECACE /* MapViewController.swift */,
				C25E76341CBF8006000ECACE /* MapPointAnnotation.swift */,
				C25E76361CBF800F000ECACE /* PhotosTableView.swift */,
				44DBD9061CDF805B00529904 /* MapCell.swift */,
				C25E76381CBF8014000ECACE /* Photo.swift */,
				C25E763C1CBF8026000ECACE /* PhotoDetailViewController.swift */,
				C25E763A1CBF801D000ECACE /* TableMapViewController.swift */,
				44F73BEF1CF76731001839B1 /* TableMapVC.xib */,
				C25E76061CBF7EF6000ECACE /* DetailViewController.swift */,
				C25E76081CBF7EF6000ECACE /* Main.storyboard */,
				C25E760B1CBF7EF6000ECACE /* Assets.xcassets */,
				C25E760D1CBF7EF6000ECACE /* LaunchScreen.storyboard */,
				C25E76101CBF7EF6000ECACE /* Info.plist */,
				44EF57F71CDA351700183B47 /* UserDefault.swift */,
				44DBD9051CDF7A8500529904 /* Widget */,
				44460DF11CF95323008BE7E1 /* Utils */,
			);
			path = MemoryInMap;
			sourceTree = "<group>";
		};
		C2CE89DC1CC0D21800CDEF77 /* FastRecord */ = {
			isa = PBXGroup;
			children = (
				C2CE89DD1CC0D21800CDEF77 /* TodayViewController.swift */,
				4433DE461CDB93B5005B6A3D /* TodayViewExt.swift */,
				C2CE89DF1CC0D21800CDEF77 /* MainInterface.storyboard */,
				C2CE89E21CC0D21800CDEF77 /* Info.plist */,
			);
			path = FastRecord;
			sourceTree = "<group>";
		};
		CEF5BED71342EABF954A42EF /* Pods */ = {
			isa = PBXGroup;
			children = (
				615774368A2DE55C0131EA91 /* Pods-MemoryInMap.debug.xcconfig */,
				CCFC90CD690A79E66801B979 /* Pods-MemoryInMap.release.xcconfig */,
			);
			name = Pods;
			sourceTree = "<group>";
		};
		D3C18017D23808F180F58B1F /* Frameworks */ = {
			isa = PBXGroup;
			children = (
				C2CE89DA1CC0D21700CDEF77 /* NotificationCenter.framework */,
				6FDDE6D72843CB51AB1FCB5E /* Pods_MemoryInMap.framework */,
			);
			name = Frameworks;
			sourceTree = "<group>";
		};
/* End PBXGroup section */

/* Begin PBXNativeTarget section */
		C25E75FE1CBF7EF5000ECACE /* MemoryInMap */ = {
			isa = PBXNativeTarget;
			buildConfigurationList = C25E76291CBF7EF6000ECACE /* Build configuration list for PBXNativeTarget "MemoryInMap" */;
			buildPhases = (
				7EC1E99626916A0513F1F26C /* Check Pods Manifest.lock */,
				C25E75FB1CBF7EF5000ECACE /* Sources */,
				C25E75FC1CBF7EF5000ECACE /* Frameworks */,
				C25E75FD1CBF7EF5000ECACE /* Resources */,
				D38E31F4E3290D0206414073 /* Copy Pods Resources */,
				C2CE89E91CC0D21800CDEF77 /* Embed App Extensions */,
				DA53A8DEF1569A13F615FDC4 /* Embed Pods Frameworks */,
			);
			buildRules = (
			);
			dependencies = (
				C2CE89E41CC0D21800CDEF77 /* PBXTargetDependency */,
			);
			name = MemoryInMap;
			productName = MemoryInMap;
			productReference = C25E75FF1CBF7EF5000ECACE /* MemoryInMap.app */;
			productType = "com.apple.product-type.application";
		};
		C2CE89D81CC0D21700CDEF77 /* FastRecord */ = {
			isa = PBXNativeTarget;
			buildConfigurationList = C2CE89E61CC0D21800CDEF77 /* Build configuration list for PBXNativeTarget "FastRecord" */;
			buildPhases = (
				C2CE89D51CC0D21700CDEF77 /* Sources */,
				C2CE89D61CC0D21700CDEF77 /* Frameworks */,
				C2CE89D71CC0D21700CDEF77 /* Resources */,
			);
			buildRules = (
			);
			dependencies = (
			);
			name = FastRecord;
			productName = FastRecord;
			productReference = C2CE89D91CC0D21700CDEF77 /* FastRecord.appex */;
			productType = "com.apple.product-type.app-extension";
		};
/* End PBXNativeTarget section */

/* Begin PBXProject section */
		C25E75F71CBF7EF5000ECACE /* Project object */ = {
			isa = PBXProject;
			attributes = {
				LastSwiftUpdateCheck = 0730;
				LastUpgradeCheck = 0730;
				ORGANIZATIONNAME = wangkan;
				TargetAttributes = {
					C25E75FE1CBF7EF5000ECACE = {
						CreatedOnToolsVersion = 7.3;
					};
					C2CE89D81CC0D21700CDEF77 = {
						CreatedOnToolsVersion = 7.3;
					};
				};
			};
			buildConfigurationList = C25E75FA1CBF7EF5000ECACE /* Build configuration list for PBXProject "MemoryInMap" */;
			compatibilityVersion = "Xcode 3.2";
			developmentRegion = English;
			hasScannedForEncodings = 0;
			knownRegions = (
				en,
				Base,
			);
			mainGroup = C25E75F61CBF7EF5000ECACE;
			productRefGroup = C25E76001CBF7EF5000ECACE /* Products */;
			projectDirPath = "";
			projectRoot = "";
			targets = (
				C25E75FE1CBF7EF5000ECACE /* MemoryInMap */,
				C2CE89D81CC0D21700CDEF77 /* FastRecord */,
			);
		};
/* End PBXProject section */

/* Begin PBXResourcesBuildPhase section */
		C25E75FD1CBF7EF5000ECACE /* Resources */ = {
			isa = PBXResourcesBuildPhase;
			buildActionMask = 2147483647;
			files = (
				C25E760F1CBF7EF6000ECACE /* LaunchScreen.storyboard in Resources */,
				C25E760C1CBF7EF6000ECACE /* Assets.xcassets in Resources */,
				C25E760A1CBF7EF6000ECACE /* Main.storyboard in Resources */,
				44F73BF01CF76731001839B1 /* TableMapVC.xib in Resources */,
			);
			runOnlyForDeploymentPostprocessing = 0;
		};
		C2CE89D71CC0D21700CDEF77 /* Resources */ = {
			isa = PBXResourcesBuildPhase;
			buildActionMask = 2147483647;
			files = (
				C2CE89E11CC0D21800CDEF77 /* MainInterface.storyboard in Resources */,
			);
			runOnlyForDeploymentPostprocessing = 0;
		};
/* End PBXResourcesBuildPhase section */

/* Begin PBXShellScriptBuildPhase section */
		7EC1E99626916A0513F1F26C /* Check Pods Manifest.lock */ = {
			isa = PBXShellScriptBuildPhase;
			buildActionMask = 2147483647;
			files = (
			);
			inputPaths = (
			);
			name = "Check Pods Manifest.lock";
			outputPaths = (
			);
			runOnlyForDeploymentPostprocessing = 0;
			shellPath = /bin/sh;
			shellScript = "diff \"${PODS_ROOT}/../Podfile.lock\" \"${PODS_ROOT}/Manifest.lock\" > /dev/null\nif [[ $? != 0 ]] ; then\n    cat << EOM\nerror: The sandbox is not in sync with the Podfile.lock. Run 'pod install' or update your CocoaPods installation.\nEOM\n    exit 1\nfi\n";
			showEnvVarsInLog = 0;
		};
		D38E31F4E3290D0206414073 /* Copy Pods Resources */ = {
			isa = PBXShellScriptBuildPhase;
			buildActionMask = 2147483647;
			files = (
			);
			inputPaths = (
			);
			name = "Copy Pods Resources";
			outputPaths = (
			);
			runOnlyForDeploymentPostprocessing = 0;
			shellPath = /bin/sh;
			shellScript = "\"${SRCROOT}/../Pods/Target Support Files/Pods-MemoryInMap/Pods-MemoryInMap-resources.sh\"\n";
			showEnvVarsInLog = 0;
		};
		DA53A8DEF1569A13F615FDC4 /* Embed Pods Frameworks */ = {
			isa = PBXShellScriptBuildPhase;
			buildActionMask = 2147483647;
			files = (
			);
			inputPaths = (
			);
			name = "Embed Pods Frameworks";
			outputPaths = (
			);
			runOnlyForDeploymentPostprocessing = 0;
			shellPath = /bin/sh;
			shellScript = "\"${SRCROOT}/../Pods/Target Support Files/Pods-MemoryInMap/Pods-MemoryInMap-frameworks.sh\"\n";
			showEnvVarsInLog = 0;
		};
/* End PBXShellScriptBuildPhase section */

/* Begin PBXSourcesBuildPhase section */
		C25E75FB1CBF7EF5000ECACE /* Sources */ = {
			isa = PBXSourcesBuildPhase;
			buildActionMask = 2147483647;
			files = (
				C25E76351CBF8006000ECACE /* MapPointAnnotation.swift in Sources */,
				44460DF31CF9533B008BE7E1 /* ImageResizingMethods.swift in Sources */,
				C25E76071CBF7EF6000ECACE /* DetailViewController.swift in Sources */,
				44DBD9071CDF805B00529904 /* MapCell.swift in Sources */,
				44EF57F81CDA351700183B47 /* UserDefault.swift in Sources */,
				C25E763D1CBF8026000ECACE /* PhotoDetailViewController.swift in Sources */,
				44BEA3061CF746400099DE89 /* Ext_NavBar.swift in Sources */,
				C25E76391CBF8014000ECACE /* Photo.swift in Sources */,
				C25E763B1CBF801D000ECACE /* TableMapViewController.swift in Sources */,
				44BEA3081CF754550099DE89 /* NavigationBarColorSource.swift in Sources */,
				C25E76371CBF800F000ECACE /* PhotosTableView.swift in Sources */,
				C25E76031CBF7EF6000ECACE /* AppDelegate.swift in Sources */,
				44DBD9041CDF783800529904 /* FoldingCell.swift in Sources */,
				C25E76331CBF7FF1000ECACE /* MapViewController.swift in Sources */,
			);
			runOnlyForDeploymentPostprocessing = 0;
		};
		C2CE89D51CC0D21700CDEF77 /* Sources */ = {
			isa = PBXSourcesBuildPhase;
			buildActionMask = 2147483647;
			files = (
				4433DE471CDB93B5005B6A3D /* TodayViewExt.swift in Sources */,
				C2CE89DE1CC0D21800CDEF77 /* TodayViewController.swift in Sources */,
			);
			runOnlyForDeploymentPostprocessing = 0;
		};
/* End PBXSourcesBuildPhase section */

/* Begin PBXTargetDependency section */
		C2CE89E41CC0D21800CDEF77 /* PBXTargetDependency */ = {
			isa = PBXTargetDependency;
			target = C2CE89D81CC0D21700CDEF77 /* FastRecord */;
			targetProxy = C2CE89E31CC0D21800CDEF77 /* PBXContainerItemProxy */;
		};
/* End PBXTargetDependency section */

/* Begin PBXVariantGroup section */
		C25E76081CBF7EF6000ECACE /* Main.storyboard */ = {
			isa = PBXVariantGroup;
			children = (
				C25E76091CBF7EF6000ECACE /* Base */,
			);
			name = Main.storyboard;
			sourceTree = "<group>";
		};
		C25E760D1CBF7EF6000ECACE /* LaunchScreen.storyboard */ = {
			isa = PBXVariantGroup;
			children = (
				C25E760E1CBF7EF6000ECACE /* Base */,
			);
			name = LaunchScreen.storyboard;
			sourceTree = "<group>";
		};
		C2CE89DF1CC0D21800CDEF77 /* MainInterface.storyboard */ = {
			isa = PBXVariantGroup;
			children = (
				C2CE89E01CC0D21800CDEF77 /* Base */,
			);
			name = MainInterface.storyboard;
			sourceTree = "<group>";
		};
/* End PBXVariantGroup section */

/* Begin XCBuildConfiguration section */
		C25E76271CBF7EF6000ECACE /* Debug */ = {
			isa = XCBuildConfiguration;
			buildSettings = {
				ALWAYS_SEARCH_USER_PATHS = NO;
				CLANG_ANALYZER_NONNULL = YES;
				CLANG_CXX_LANGUAGE_STANDARD = "gnu++0x";
				CLANG_CXX_LIBRARY = "libc++";
				CLANG_ENABLE_MODULES = YES;
				CLANG_ENABLE_OBJC_ARC = YES;
				CLANG_WARN_BOOL_CONVERSION = YES;
				CLANG_WARN_CONSTANT_CONVERSION = YES;
				CLANG_WARN_DIRECT_OBJC_ISA_USAGE = YES_ERROR;
				CLANG_WARN_EMPTY_BODY = YES;
				CLANG_WARN_ENUM_CONVERSION = YES;
				CLANG_WARN_INT_CONVERSION = YES;
				CLANG_WARN_OBJC_ROOT_CLASS = YES_ERROR;
				CLANG_WARN_UNREACHABLE_CODE = YES;
				CLANG_WARN__DUPLICATE_METHOD_MATCH = YES;
				"CODE_SIGN_IDENTITY[sdk=iphoneos*]" = "iPhone Developer";
				COPY_PHASE_STRIP = NO;
				DEBUG_INFORMATION_FORMAT = dwarf;
				ENABLE_STRICT_OBJC_MSGSEND = YES;
				ENABLE_TESTABILITY = YES;
				GCC_C_LANGUAGE_STANDARD = gnu99;
				GCC_DYNAMIC_NO_PIC = NO;
				GCC_NO_COMMON_BLOCKS = YES;
				GCC_OPTIMIZATION_LEVEL = 0;
				GCC_PREPROCESSOR_DEFINITIONS = (
					"DEBUG=1",
					"$(inherited)",
				);
				GCC_WARN_64_TO_32_BIT_CONVERSION = YES;
				GCC_WARN_ABOUT_RETURN_TYPE = YES_ERROR;
				GCC_WARN_UNDECLARED_SELECTOR = YES;
				GCC_WARN_UNINITIALIZED_AUTOS = YES_AGGRESSIVE;
				GCC_WARN_UNUSED_FUNCTION = YES;
				GCC_WARN_UNUSED_VARIABLE = YES;
				IPHONEOS_DEPLOYMENT_TARGET = 9.3;
				MTL_ENABLE_DEBUG_INFO = YES;
				ONLY_ACTIVE_ARCH = YES;
				SDKROOT = iphoneos;
				SWIFT_OPTIMIZATION_LEVEL = "-Onone";
			};
			name = Debug;
		};
		C25E76281CBF7EF6000ECACE /* Release */ = {
			isa = XCBuildConfiguration;
			buildSettings = {
				ALWAYS_SEARCH_USER_PATHS = NO;
				CLANG_ANALYZER_NONNULL = YES;
				CLANG_CXX_LANGUAGE_STANDARD = "gnu++0x";
				CLANG_CXX_LIBRARY = "libc++";
				CLANG_ENABLE_MODULES = YES;
				CLANG_ENABLE_OBJC_ARC = YES;
				CLANG_WARN_BOOL_CONVERSION = YES;
				CLANG_WARN_CONSTANT_CONVERSION = YES;
				CLANG_WARN_DIRECT_OBJC_ISA_USAGE = YES_ERROR;
				CLANG_WARN_EMPTY_BODY = YES;
				CLANG_WARN_ENUM_CONVERSION = YES;
				CLANG_WARN_INT_CONVERSION = YES;
				CLANG_WARN_OBJC_ROOT_CLASS = YES_ERROR;
				CLANG_WARN_UNREACHABLE_CODE = YES;
				CLANG_WARN__DUPLICATE_METHOD_MATCH = YES;
				"CODE_SIGN_IDENTITY[sdk=iphoneos*]" = "iPhone Developer";
				COPY_PHASE_STRIP = NO;
				DEBUG_INFORMATION_FORMAT = "dwarf-with-dsym";
				ENABLE_NS_ASSERTIONS = NO;
				ENABLE_STRICT_OBJC_MSGSEND = YES;
				GCC_C_LANGUAGE_STANDARD = gnu99;
				GCC_NO_COMMON_BLOCKS = YES;
				GCC_WARN_64_TO_32_BIT_CONVERSION = YES;
				GCC_WARN_ABOUT_RETURN_TYPE = YES_ERROR;
				GCC_WARN_UNDECLARED_SELECTOR = YES;
				GCC_WARN_UNINITIALIZED_AUTOS = YES_AGGRESSIVE;
				GCC_WARN_UNUSED_FUNCTION = YES;
				GCC_WARN_UNUSED_VARIABLE = YES;
				IPHONEOS_DEPLOYMENT_TARGET = 9.3;
				MTL_ENABLE_DEBUG_INFO = NO;
				SDKROOT = iphoneos;
				VALIDATE_PRODUCT = YES;
			};
			name = Release;
		};
		C25E762A1CBF7EF6000ECACE /* Debug */ = {
			isa = XCBuildConfiguration;
			baseConfigurationReference = 615774368A2DE55C0131EA91 /* Pods-MemoryInMap.debug.xcconfig */;
			buildSettings = {
				ASSETCATALOG_COMPILER_APPICON_NAME = AppIcon;
				CODE_SIGN_IDENTITY = "iPhone Developer";
				"CODE_SIGN_IDENTITY[sdk=iphoneos*]" = "iPhone Developer";
				EMBEDDED_CONTENT_CONTAINS_SWIFT = YES;
				INFOPLIST_FILE = MemoryInMap/Info.plist;
				IPHONEOS_DEPLOYMENT_TARGET = 9.0;
				LD_RUNPATH_SEARCH_PATHS = "$(inherited) @executable_path/Frameworks";
				PRODUCT_BUNDLE_IDENTIFIER = com.rockgarden.MemoryInMap;
				PRODUCT_NAME = "$(TARGET_NAME)";
				PROVISIONING_PROFILE = "";
			};
			name = Debug;
		};
		C25E762B1CBF7EF6000ECACE /* Release */ = {
			isa = XCBuildConfiguration;
			baseConfigurationReference = CCFC90CD690A79E66801B979 /* Pods-MemoryInMap.release.xcconfig */;
			buildSettings = {
				ASSETCATALOG_COMPILER_APPICON_NAME = AppIcon;
				CODE_SIGN_IDENTITY = "iPhone Developer";
				"CODE_SIGN_IDENTITY[sdk=iphoneos*]" = "iPhone Developer";
				EMBEDDED_CONTENT_CONTAINS_SWIFT = YES;
				INFOPLIST_FILE = MemoryInMap/Info.plist;
				IPHONEOS_DEPLOYMENT_TARGET = 9.0;
				LD_RUNPATH_SEARCH_PATHS = "$(inherited) @executable_path/Frameworks";
				PRODUCT_BUNDLE_IDENTIFIER = com.rockgarden.MemoryInMap;
				PRODUCT_NAME = "$(TARGET_NAME)";
				PROVISIONING_PROFILE = "";
			};
			name = Release;
		};
		C2CE89E71CC0D21800CDEF77 /* Debug */ = {
			isa = XCBuildConfiguration;
			buildSettings = {
				CODE_SIGN_IDENTITY = "iPhone Developer";
				"CODE_SIGN_IDENTITY[sdk=iphoneos*]" = "iPhone Developer";
				INFOPLIST_FILE = FastRecord/Info.plist;
				LD_RUNPATH_SEARCH_PATHS = "$(inherited) @executable_path/Frameworks @executable_path/../../Frameworks";
				PRODUCT_BUNDLE_IDENTIFIER = com.rockgarden.MemoryInMap.FastRecord;
				PRODUCT_NAME = "$(TARGET_NAME)";
				PROVISIONING_PROFILE = "";
				SKIP_INSTALL = YES;
			};
			name = Debug;
		};
		C2CE89E81CC0D21800CDEF77 /* Release */ = {
			isa = XCBuildConfiguration;
			buildSettings = {
				CODE_SIGN_IDENTITY = "iPhone Developer";
				"CODE_SIGN_IDENTITY[sdk=iphoneos*]" = "iPhone Developer";
				INFOPLIST_FILE = FastRecord/Info.plist;
				LD_RUNPATH_SEARCH_PATHS = "$(inherited) @executable_path/Frameworks @executable_path/../../Frameworks";
				PRODUCT_BUNDLE_IDENTIFIER = com.rockgarden.MemoryInMap.FastRecord;
				PRODUCT_NAME = "$(TARGET_NAME)";
				PROVISIONING_PROFILE = "";
				SKIP_INSTALL = YES;
			};
			name = Release;
		};
/* End XCBuildConfiguration section */

/* Begin XCConfigurationList section */
		C25E75FA1CBF7EF5000ECACE /* Build configuration list for PBXProject "MemoryInMap" */ = {
			isa = XCConfigurationList;
			buildConfigurations = (
				C25E76271CBF7EF6000ECACE /* Debug */,
				C25E76281CBF7EF6000ECACE /* Release */,
			);
			defaultConfigurationIsVisible = 0;
			defaultConfigurationName = Release;
		};
		C25E76291CBF7EF6000ECACE /* Build configuration list for PBXNativeTarget "MemoryInMap" */ = {
			isa = XCConfigurationList;
			buildConfigurations = (
				C25E762A1CBF7EF6000ECACE /* Debug */,
				C25E762B1CBF7EF6000ECACE /* Release */,
			);
			defaultConfigurationIsVisible = 0;
			defaultConfigurationName = Release;
		};
		C2CE89E61CC0D21800CDEF77 /* Build configuration list for PBXNativeTarget "FastRecord" */ = {
			isa = XCConfigurationList;
			buildConfigurations = (
				C2CE89E71CC0D21800CDEF77 /* Debug */,
				C2CE89E81CC0D21800CDEF77 /* Release */,
			);
			defaultConfigurationIsVisible = 0;
			defaultConfigurationName = Release;
		};
/* End XCConfigurationList section */
	};
	rootObject = C25E75F71CBF7EF5000ECACE /* Project object */;
}
